github.com/hypebeast/go-osc v0.0.0-20220308234300-cec5a8a1e5f5 h1:fqwINudmUrvGCuw+e3tedZ2UJ0hklSw6t8UPomctKyQ=
github.com/hypebeast/go-osc v0.0.0-20220308234300-cec5a8a1e5f5/go.mod h1:lqMjoCs0y0GoRRujSPZRBaGb4c5ER6TfkFKSClxkMbY=
github.com/rakyll/portmidi v0.0.0-20201020180702-d436ceaa537a h1:+qeh9b4LlO8AYVvm+TG4OXDRwBynTLk82t0HDBBBOQ8=
github.com/rakyll/portmidi v0.0.0-20201020180702-d436ceaa537a/go.mod h1:xKffaBd7e1YUoLpR2azvJqkxEdUDNGNDMlsUNdv6Bcs=
gitlab.com/gomidi/midi/v2 v2.0.0-alpha.15/go.mod h1:quTyMKSQ4Klevxu6gY4gy2USbeZra0fV5SalndmPfsY=
gitlab.com/gomidi/midi/v2 v2.0.5 h1:Cux4D5ITPRIaOmAwr5w6emDHqokhBmL8xepHW6fcYLc=
gitlab.com/gomidi/midi/v2 v2.0.5/go.mod h1:quTyMKSQ4Klevxu6gY4gy2USbeZra0fV5SalndmPfsY=
gitlab.com/gomidi/midi/v2/drivers/portmididrv v0.0.0-20220419145818-fccd5eb4f650 h1:86eMUMR2QIdIG65maXomPovaqaDPvWilIW+Jt0FsWuo=
gitlab.com/gomidi/midi/v2/drivers/portmididrv v0.0.0-20220419145818-fccd5eb4f650/go.mod h1:R4tRM34JRTVMyf0HDbhB47oQEo8+lOwssueRXQOoWbk=
